{
  "requires": true,
  "lockfileVersion": 1,
  "dependencies": {
    "@ngrx/effects": {
      "version": "16.0.1",
      "resolved": "https://registry.npmjs.org/@ngrx/effects/-/effects-16.0.1.tgz",
      "integrity": "sha512-hpmON8p7kT44jIiruLBy3raFkYhNzQ45was0puKPkGhv41VrAoo44UcEn4Aysdx5yHaJc/CMCtI/+emFIpqgGA==",
      "requires": {
        "tslib": "^2.0.0"
      }
    },
    "@ngrx/store": {
      "version": "16.0.1",
      "resolved": "https://registry.npmjs.org/@ngrx/store/-/store-16.0.1.tgz",
      "integrity": "sha512-KkYzF3j29qKOzHcmiArRJgT+ABLqbddj1DuxerNq3A8zWnTDdC4YgNpDOKru8hQWb3pQ77ZbglLati5K9F8HnQ==",
      "requires": {
        "tslib": "^2.0.0"
      }
    },
    "@ngrx/store-devtools": {
      "version": "16.0.1",
      "resolved": "https://registry.npmjs.org/@ngrx/store-devtools/-/store-devtools-16.0.1.tgz",
      "integrity": "sha512-fOk/etV2ldgPgy3BD7v0yK4ocsxNUx7iktjMOVSvfPY/eg6KsfUy0ObQ2/kJasan32wN9rADCVRD6PzLg1Zo8g==",
      "requires": {
        "tslib": "^2.0.0"
      }
    },
    "tslib": {
      "version": "2.6.0",
      "resolved": "https://registry.npmjs.org/tslib/-/tslib-2.6.0.tgz",
      "integrity": "sha512-7At1WUettjcSRHXCyYtTselblcHl9PJFFVKiCAy/bY97+BPZXSQ2wbq0P9s8tK2G7dFQfNnlJnPAiArVBVBsfA=="
    }
  }
}
